
Microsoft Visual Studio Solution File, Format Version 12.00
# Visual Studio Version 17
VisualStudioVersion = 17.10.34928.147
MinimumVisualStudioVersion = 10.0.40219.1
Project("{9A19103F-16F7-4668-BE54-9A1E7A4F7556}") = "Lucide.Desktop", "WPF\Lucide.Desktop.csproj", "{B39D0921-5C27-4F3D-968E-ECA4118DF575}"
EndProject
Project("{9A19103F-16F7-4668-BE54-9A1E7A4F7556}") = "Wpf", "demos\Wpf\Wpf.csproj", "{DF9E5137-0950-400A-BE37-9EFD8CBC6552}"
EndProject
Project("{FAE04EC0-301F-11D3-BF4B-00C04F79EFBC}") = "Forms", "Forms\Forms.csproj", "{DF667320-85B8-455A-ABF8-3CDB510D59F5}"
EndProject
Global
	GlobalSection(SolutionConfigurationPlatforms) = preSolution
		Debug|Any CPU = Debug|Any CPU
		Release|Any CPU = Release|Any CPU
	EndGlobalSection
	GlobalSection(ProjectConfigurationPlatforms) = postSolution
		{B39D0921-5C27-4F3D-968E-ECA4118DF575}.Debug|Any CPU.ActiveCfg = Debug|Any CPU
		{B39D0921-5C27-4F3D-968E-ECA4118DF575}.Debug|Any CPU.Build.0 = Debug|Any CPU
		{B39D0921-5C27-4F3D-968E-ECA4118DF575}.Release|Any CPU.ActiveCfg = Release|Any CPU
		{B39D0921-5C27-4F3D-968E-ECA4118DF575}.Release|Any CPU.Build.0 = Release|Any CPU
		{DF9E5137-0950-400A-BE37-9EFD8CBC6552}.Debug|Any CPU.ActiveCfg = Debug|Any CPU
		{DF9E5137-0950-400A-BE37-9EFD8CBC6552}.Debug|Any CPU.Build.0 = Debug|Any CPU
		{DF9E5137-0950-400A-BE37-9EFD8CBC6552}.Release|Any CPU.ActiveCfg = Release|Any CPU
		{DF9E5137-0950-400A-BE37-9EFD8CBC6552}.Release|Any CPU.Build.0 = Release|Any CPU
		{DF667320-85B8-455A-ABF8-3CDB510D59F5}.Debug|Any CPU.ActiveCfg = Debug|Any CPU
		{DF667320-85B8-455A-ABF8-3CDB510D59F5}.Debug|Any CPU.Build.0 = Debug|Any CPU
		{DF667320-85B8-455A-ABF8-3CDB510D59F5}.Release|Any CPU.ActiveCfg = Release|Any CPU
		{DF667320-85B8-455A-ABF8-3CDB510D59F5}.Release|Any CPU.Build.0 = Release|Any CPU
	EndGlobalSection
	GlobalSection(SolutionProperties) = preSolution
		HideSolutionNode = FALSE
	EndGlobalSection
	GlobalSection(ExtensibilityGlobals) = postSolution
		SolutionGuid = {D99B91B6-15B3-4E52-BE0B-DF1C9346DE18}
	EndGlobalSection
EndGlobal
